{
  "name": "abc",
  "version": "1.0.0",
  "lockfileVersion": 1,
  "requires": true,
  "dependencies": {
    "@rajasardar/consolelog": {
      "version": "github:rajasardar/consolelog#9e3f75dcc4387f834bfe280c4c5240a7231aa386",
      "from": "github:rajasardar/consolelog"
    },
    "@rajasardar/test": {
      "version": "1.0.0",
      "resolved": "https://registry.npmjs.org/@rajasardar/test/-/test-1.0.0.tgz",
      "integrity": "sha512-DfEj4aRA2qxuzqVocYkWSLbgkWHCoGBdrRCM5tz7ojXEWIsDB0V86Js+NqItm79Y/oXDsH/hD/A9xgVLLfWy9Q=="
    }
  }
}
